{
  "name": "@material/card",
  "version": "1.0.0-0",
  "lockfileVersion": 1,
  "requires": true,
  "dependencies": {
    "@material/animation": {
      "version": "1.0.0-0",
      "resolved": "https://registry.npmjs.org/@material/animation/-/animation-1.0.0-0.tgz",
      "integrity": "sha512-tCNnOJLMRtLzhi3J5PsMyg2+e4I2Ysfn0YrDeD/L2DXFV1/yE1EtpKlU1jI+RzJLr8FG3sMJMMVcDsJfLMK49A==",
      "requires": {
        "tslib": "^1.9.3"
      }
    },
    "@material/base": {
      "version": "1.0.0-0",
      "resolved": "https://registry.npmjs.org/@material/base/-/base-1.0.0-0.tgz",
      "integrity": "sha512-r2enj2pfhN9eR1PmZaIkVyixiInjTzP/0g8W+of9JyxjKJbArlo1Tgi8VE/GiHOFcRcVaqRVjOHen0fLGTrmiw==",
      "requires": {
        "tslib": "^1.9.3"
      }
    },
    "@material/dom": {
      "version": "1.0.0-0",
      "resolved": "https://registry.npmjs.org/@material/dom/-/dom-1.0.0-0.tgz",
      "integrity": "sha512-Qx8o/Np73Qb4t0ooCubo4Y7SbmCS/xXwuDGZngiujcMgEpZJay9xlrQ5innzWoVW/l6jiuMBpcUZWXfabRXNRA==",
      "requires": {
        "tslib": "^1.9.3"
      }
    },
    "@material/elevation": {
      "version": "1.0.0-0",
      "resolved": "https://registry.npmjs.org/@material/elevation/-/elevation-1.0.0-0.tgz",
      "integrity": "sha512-/9tXDp7BQxoCZXZtLx8ix5OcLbuugApZXNOVzbSZwaO+I+IEqRx301oXNHmfyz5yJXXM3pYA3IbyPA8tFZUQJA==",
      "requires": {
        "@material/animation": "^1.0.0-0",
        "@material/feature-targeting": "^0.44.1",
        "@material/theme": "^1.0.0-0"
      }
    },
    "@material/feature-targeting": {
      "version": "0.44.1",
      "resolved": "https://registry.npmjs.org/@material/feature-targeting/-/feature-targeting-0.44.1.tgz",
      "integrity": "sha512-90cc7njn4aHbH9UxY8qgZth1W5JgOgcEdWdubH1t7sFkwqFxS5g3zgxSBt46TygFBVIXNZNq35Xmg80wgqO7Pg=="
    },
    "@material/ripple": {
      "version": "1.0.0-0",
      "resolved": "https://registry.npmjs.org/@material/ripple/-/ripple-1.0.0-0.tgz",
      "integrity": "sha512-QPEOT4Q68eqAHGpDBKxrT1feNO0C2hRR80Hj+mZfHFBbiDK4tBS1qUvFRFzuBPz/20t4vPcZj3OUcmcfX+84vA==",
      "requires": {
        "@material/animation": "^1.0.0-0",
        "@material/base": "^1.0.0-0",
        "@material/dom": "^1.0.0-0",
        "@material/feature-targeting": "^0.44.1",
        "@material/theme": "^1.0.0-0",
        "tslib": "^1.9.3"
      }
    },
    "@material/rtl": {
      "version": "0.42.0",
      "resolved": "https://registry.npmjs.org/@material/rtl/-/rtl-0.42.0.tgz",
      "integrity": "sha512-VrnrKJzhmspsN8WXHuxxBZ69yM5IwhCUqWr1t1eNfw3ZEvEj7i1g3P31HGowKThIN1dc1Wh4LE14rCISWCtv5w=="
    },
    "@material/shape": {
      "version": "1.0.0-0",
      "resolved": "https://registry.npmjs.org/@material/shape/-/shape-1.0.0-0.tgz",
      "integrity": "sha512-nSj8HGCVzpWS0msLOZSmnAMgpuOPdkEYHBinlfxEVClMox6QWPtLOkAWMhWsyzX5rx2CKHq8D2UYjFtRiujiww==",
      "requires": {
        "@material/feature-targeting": "^0.44.1"
      }
    },
    "@material/theme": {
      "version": "1.0.0-0",
      "resolved": "https://registry.npmjs.org/@material/theme/-/theme-1.0.0-0.tgz",
      "integrity": "sha512-FK9l8++EAHsBsiCU0EYQhCskwzRAbGXtlJwJBqcj8lsJi4pQ8g7L/HolxJvzz73Q/S40Ghc7q6raNxITz1PnpA==",
      "requires": {
        "@material/feature-targeting": "^0.44.0"
      }
    },
    "tslib": {
      "version": "1.9.3",
      "resolved": "https://registry.npmjs.org/tslib/-/tslib-1.9.3.tgz",
      "integrity": "sha512-4krF8scpejhaOgqzBEcGM7yDIEfi0/8+8zDRZhNZZ2kjmHJ4hv3zCbQWxoJGz1iw5U0Jl0nma13xzHXcncMavQ=="
    }
  }
}
